// !$*UTF8*$!
{
	archiveVersion = 1;
	classes = {
	};
	objectVersion = 56;
	objects = {

/* Begin PBXBuildFile section */
		20ABFED92917EEE600A775F7 /* CryptoKeeperApp.swift in Sources */ = {isa = PBXBuildFile; fileRef = 20ABFED82917EEE600A775F7 /* CryptoKeeperApp.swift */; };
		20ABFEDB2917EEE600A775F7 /* ContentView.swift in Sources */ = {isa = PBXBuildFile; fileRef = 20ABFEDA2917EEE600A775F7 /* ContentView.swift */; };
		20ABFEDD2917EEE700A775F7 /* Assets.xcassets in Resources */ = {isa = PBXBuildFile; fileRef = 20ABFEDC2917EEE700A775F7 /* Assets.xcassets */; };
		20ABFEE02917EEE700A775F7 /* Preview Assets.xcassets in Resources */ = {isa = PBXBuildFile; fileRef = 20ABFEDF2917EEE700A775F7 /* Preview Assets.xcassets */; };
		20ABFEEF2917EFF600A775F7 /* HomeView.swift in Sources */ = {isa = PBXBuildFile; fileRef = 20ABFEEE2917EFF600A775F7 /* HomeView.swift */; };
		20ABFEF12917F14C00A775F7 /* TopMoversView.swift in Sources */ = {isa = PBXBuildFile; fileRef = 20ABFEF02917F14C00A775F7 /* TopMoversView.swift */; };
		20ABFEF32917F15E00A775F7 /* TopMoversItemView.swift in Sources */ = {isa = PBXBuildFile; fileRef = 20ABFEF22917F15E00A775F7 /* TopMoversItemView.swift */; };
		20ABFEF52917F7FB00A775F7 /* AllCoinsView.swift in Sources */ = {isa = PBXBuildFile; fileRef = 20ABFEF42917F7FB00A775F7 /* AllCoinsView.swift */; };
		20ABFEF72917F81000A775F7 /* CoinRowView.swift in Sources */ = {isa = PBXBuildFile; fileRef = 20ABFEF62917F81000A775F7 /* CoinRowView.swift */; };
		20ABFEF92918010C00A775F7 /* HomeViewModel.swift in Sources */ = {isa = PBXBuildFile; fileRef = 20ABFEF82918010C00A775F7 /* HomeViewModel.swift */; };
		20ABFEFB291805AD00A775F7 /* Coins.swift in Sources */ = {isa = PBXBuildFile; fileRef = 20ABFEFA291805AD00A775F7 /* Coins.swift */; };
		20ABFEFE29181F4D00A775F7 /* Kingfisher in Frameworks */ = {isa = PBXBuildFile; productRef = 20ABFEFD29181F4D00A775F7 /* Kingfisher */; };
		20ABFF002918209B00A775F7 /* Double.swift in Sources */ = {isa = PBXBuildFile; fileRef = 20ABFEFF2918209B00A775F7 /* Double.swift */; };
		20ABFF052918287700A775F7 /*  CoinDetailsView.swift in Sources */ = {isa = PBXBuildFile; fileRef = 20ABFF042918287700A775F7 /*  CoinDetailsView.swift */; };
		20ABFF0729182A7300A775F7 /* Color.swift in Sources */ = {isa = PBXBuildFile; fileRef = 20ABFF0629182A7300A775F7 /* Color.swift */; };
		20ABFF092918307F00A775F7 /* CoinDetailsSection.swift in Sources */ = {isa = PBXBuildFile; fileRef = 20ABFF082918307F00A775F7 /* CoinDetailsSection.swift */; };
		20ABFF0B2918312600A775F7 /* StatisticView.swift in Sources */ = {isa = PBXBuildFile; fileRef = 20ABFF0A2918312600A775F7 /* StatisticView.swift */; };
		20ABFF0D2918340100A775F7 /* StatisticModel.swift in Sources */ = {isa = PBXBuildFile; fileRef = 20ABFF0C2918340100A775F7 /* StatisticModel.swift */; };
		20ABFF0F291834EA00A775F7 /* PreviewProvider.swift in Sources */ = {isa = PBXBuildFile; fileRef = 20ABFF0E291834EA00A775F7 /* PreviewProvider.swift */; };
		20ABFF112918377000A775F7 /* CoinDetailSectionModel.swift in Sources */ = {isa = PBXBuildFile; fileRef = 20ABFF102918377000A775F7 /* CoinDetailSectionModel.swift */; };
		20ABFF132919161700A775F7 /* CoinDetailsViewModel.swift in Sources */ = {isa = PBXBuildFile; fileRef = 20ABFF122919161700A775F7 /* CoinDetailsViewModel.swift */; };
		20ABFF152919305100A775F7 /* ChartData.swift in Sources */ = {isa = PBXBuildFile; fileRef = 20ABFF142919305100A775F7 /* ChartData.swift */; };
		20ABFF172919316000A775F7 /* Date.swift in Sources */ = {isa = PBXBuildFile; fileRef = 20ABFF162919316000A775F7 /* Date.swift */; };
		20ABFF192919337500A775F7 /* ChartView.swift in Sources */ = {isa = PBXBuildFile; fileRef = 20ABFF182919337500A775F7 /* ChartView.swift */; };
		20E0F8D0291972D3007A567E /* libswiftWebKit.tbd in Frameworks */ = {isa = PBXBuildFile; fileRef = 20E0F8CF291972D3007A567E /* libswiftWebKit.tbd */; };
		20E0F8D4291978A5007A567E /* CustomLoadingIndicator.swift in Sources */ = {isa = PBXBuildFile; fileRef = 20E0F8D3291978A5007A567E /* CustomLoadingIndicator.swift */; };
		20E0F8D629197A4C007A567E /* LazyNavigationView.swift in Sources */ = {isa = PBXBuildFile; fileRef = 20E0F8D529197A4C007A567E /* LazyNavigationView.swift */; };
/* End PBXBuildFile section */

/* Begin PBXFileReference section */
		20ABFED52917EEE600A775F7 /* CryptoKeeper.app */ = {isa = PBXFileReference; explicitFileType = wrapper.application; includeInIndex = 0; path = CryptoKeeper.app; sourceTree = BUILT_PRODUCTS_DIR; };
		20ABFED82917EEE600A775F7 /* CryptoKeeperApp.swift */ = {isa = PBXFileReference; lastKnownFileType = sourcecode.swift; path = CryptoKeeperApp.swift; sourceTree = "<group>"; };
		20ABFEDA2917EEE600A775F7 /* ContentView.swift */ = {isa = PBXFileReference; lastKnownFileType = sourcecode.swift; path = ContentView.swift; sourceTree = "<group>"; };
		20ABFEDC2917EEE700A775F7 /* Assets.xcassets */ = {isa = PBXFileReference; lastKnownFileType = folder.assetcatalog; path = Assets.xcassets; sourceTree = "<group>"; };
		20ABFEDF2917EEE700A775F7 /* Preview Assets.xcassets */ = {isa = PBXFileReference; lastKnownFileType = folder.assetcatalog; path = "Preview Assets.xcassets"; sourceTree = "<group>"; };
		20ABFEEE2917EFF600A775F7 /* HomeView.swift */ = {isa = PBXFileReference; lastKnownFileType = sourcecode.swift; path = HomeView.swift; sourceTree = "<group>"; };
		20ABFEF02917F14C00A775F7 /* TopMoversView.swift */ = {isa = PBXFileReference; lastKnownFileType = sourcecode.swift; path = TopMoversView.swift; sourceTree = "<group>"; };
		20ABFEF22917F15E00A775F7 /* TopMoversItemView.swift */ = {isa = PBXFileReference; lastKnownFileType = sourcecode.swift; path = TopMoversItemView.swift; sourceTree = "<group>"; };
		20ABFEF42917F7FB00A775F7 /* AllCoinsView.swift */ = {isa = PBXFileReference; lastKnownFileType = sourcecode.swift; path = AllCoinsView.swift; sourceTree = "<group>"; };
		20ABFEF62917F81000A775F7 /* CoinRowView.swift */ = {isa = PBXFileReference; lastKnownFileType = sourcecode.swift; path = CoinRowView.swift; sourceTree = "<group>"; };
		20ABFEF82918010C00A775F7 /* HomeViewModel.swift */ = {isa = PBXFileReference; lastKnownFileType = sourcecode.swift; path = HomeViewModel.swift; sourceTree = "<group>"; };
		20ABFEFA291805AD00A775F7 /* Coins.swift */ = {isa = PBXFileReference; lastKnownFileType = sourcecode.swift; path = Coins.swift; sourceTree = "<group>"; };
		20ABFEFF2918209B00A775F7 /* Double.swift */ = {isa = PBXFileReference; lastKnownFileType = sourcecode.swift; path = Double.swift; sourceTree = "<group>"; };
		20ABFF042918287700A775F7 /*  CoinDetailsView.swift */ = {isa = PBXFileReference; lastKnownFileType = sourcecode.swift; path = " CoinDetailsView.swift"; sourceTree = "<group>"; };
		20ABFF0629182A7300A775F7 /* Color.swift */ = {isa = PBXFileReference; lastKnownFileType = sourcecode.swift; path = Color.swift; sourceTree = "<group>"; };
		20ABFF082918307F00A775F7 /* CoinDetailsSection.swift */ = {isa = PBXFileReference; lastKnownFileType = sourcecode.swift; path = CoinDetailsSection.swift; sourceTree = "<group>"; };
		20ABFF0A2918312600A775F7 /* StatisticView.swift */ = {isa = PBXFileReference; lastKnownFileType = sourcecode.swift; path = StatisticView.swift; sourceTree = "<group>"; };
		20ABFF0C2918340100A775F7 /* StatisticModel.swift */ = {isa = PBXFileReference; lastKnownFileType = sourcecode.swift; path = StatisticModel.swift; sourceTree = "<group>"; };
		20ABFF0E291834EA00A775F7 /* PreviewProvider.swift */ = {isa = PBXFileReference; lastKnownFileType = sourcecode.swift; path = PreviewProvider.swift; sourceTree = "<group>"; };
		20ABFF102918377000A775F7 /* CoinDetailSectionModel.swift */ = {isa = PBXFileReference; lastKnownFileType = sourcecode.swift; path = CoinDetailSectionModel.swift; sourceTree = "<group>"; };
		20ABFF122919161700A775F7 /* CoinDetailsViewModel.swift */ = {isa = PBXFileReference; lastKnownFileType = sourcecode.swift; path = CoinDetailsViewModel.swift; sourceTree = "<group>"; };
		20ABFF142919305100A775F7 /* ChartData.swift */ = {isa = PBXFileReference; lastKnownFileType = sourcecode.swift; path = ChartData.swift; sourceTree = "<group>"; };
		20ABFF162919316000A775F7 /* Date.swift */ = {isa = PBXFileReference; lastKnownFileType = sourcecode.swift; path = Date.swift; sourceTree = "<group>"; };
		20ABFF182919337500A775F7 /* ChartView.swift */ = {isa = PBXFileReference; lastKnownFileType = sourcecode.swift; path = ChartView.swift; sourceTree = "<group>"; };
		20E0F8CF291972D3007A567E /* libswiftWebKit.tbd */ = {isa = PBXFileReference; lastKnownFileType = "sourcecode.text-based-dylib-definition"; name = libswiftWebKit.tbd; path = usr/lib/swift/libswiftWebKit.tbd; sourceTree = SDKROOT; };
		20E0F8D3291978A5007A567E /* CustomLoadingIndicator.swift */ = {isa = PBXFileReference; lastKnownFileType = sourcecode.swift; path = CustomLoadingIndicator.swift; sourceTree = "<group>"; };
		20E0F8D529197A4C007A567E /* LazyNavigationView.swift */ = {isa = PBXFileReference; lastKnownFileType = sourcecode.swift; path = LazyNavigationView.swift; sourceTree = "<group>"; };
/* End PBXFileReference section */

/* Begin PBXFrameworksBuildPhase section */
		20ABFED22917EEE600A775F7 /* Frameworks */ = {
			isa = PBXFrameworksBuildPhase;
			buildActionMask = 2147483647;
			files = (
				20E0F8D0291972D3007A567E /* libswiftWebKit.tbd in Frameworks */,
				20ABFEFE29181F4D00A775F7 /* Kingfisher in Frameworks */,
			);
			runOnlyForDeploymentPostprocessing = 0;
		};
/* End PBXFrameworksBuildPhase section */

/* Begin PBXGroup section */
		20ABFECC2917EEE600A775F7 = {
			isa = PBXGroup;
			children = (
				20ABFED72917EEE600A775F7 /* CryptoKeeper */,
				20ABFED62917EEE600A775F7 /* Products */,
				20E0F8CE291972D3007A567E /* Frameworks */,
			);
			sourceTree = "<group>";
		};
		20ABFED62917EEE600A775F7 /* Products */ = {
			isa = PBXGroup;
			children = (
				20ABFED52917EEE600A775F7 /* CryptoKeeper.app */,
			);
			name = Products;
			sourceTree = "<group>";
		};
		20ABFED72917EEE600A775F7 /* CryptoKeeper */ = {
			isa = PBXGroup;
			children = (
				20ABFEEA2917EF3E00A775F7 /* Models */,
				20ABFEE92917EF3000A775F7 /* Extensions */,
				20ABFEE82917EF2600A775F7 /* Utils */,
				20ABFEE62917EF1700A775F7 /* Core */,
				20ABFEEB2917EF5500A775F7 /* App */,
				20ABFEDA2917EEE600A775F7 /* ContentView.swift */,
				20ABFEDC2917EEE700A775F7 /* Assets.xcassets */,
				20ABFEDE2917EEE700A775F7 /* Preview Content */,
			);
			path = CryptoKeeper;
			sourceTree = "<group>";
		};
		20ABFEDE2917EEE700A775F7 /* Preview Content */ = {
			isa = PBXGroup;
			children = (
				20ABFEDF2917EEE700A775F7 /* Preview Assets.xcassets */,
			);
			path = "Preview Content";
			sourceTree = "<group>";
		};
		20ABFEE62917EF1700A775F7 /* Core */ = {
			isa = PBXGroup;
			children = (
				20ABFF012918283800A775F7 /* CoreDetails */,
				20ABFEE72917EF1800A775F7 /* Home */,
			);
			path = Core;
			sourceTree = "<group>";
		};
		20ABFEE72917EF1800A775F7 /* Home */ = {
			isa = PBXGroup;
			children = (
				20ABFEED2917EFB600A775F7 /* Views */,
				20ABFEEC2917EFB400A775F7 /* ViewModels */,
			);
			path = Home;
			sourceTree = "<group>";
		};
		20ABFEE82917EF2600A775F7 /* Utils */ = {
			isa = PBXGroup;
			children = (
				20E0F8D3291978A5007A567E /* CustomLoadingIndicator.swift */,
				20E0F8D529197A4C007A567E /* LazyNavigationView.swift */,
			);
			path = Utils;
			sourceTree = "<group>";
		};
		20ABFEE92917EF3000A775F7 /* Extensions */ = {
			isa = PBXGroup;
			children = (
				20ABFEFF2918209B00A775F7 /* Double.swift */,
				20ABFF0629182A7300A775F7 /* Color.swift */,
				20ABFF0E291834EA00A775F7 /* PreviewProvider.swift */,
				20ABFF162919316000A775F7 /* Date.swift */,
			);
			path = Extensions;
			sourceTree = "<group>";
		};
		20ABFEEA2917EF3E00A775F7 /* Models */ = {
			isa = PBXGroup;
			children = (
				20ABFEFA291805AD00A775F7 /* Coins.swift */,
				20ABFF0C2918340100A775F7 /* StatisticModel.swift */,
				20ABFF102918377000A775F7 /* CoinDetailSectionModel.swift */,
				20ABFF142919305100A775F7 /* ChartData.swift */,
			);
			path = Models;
			sourceTree = "<group>";
		};
		20ABFEEB2917EF5500A775F7 /* App */ = {
			isa = PBXGroup;
			children = (
				20ABFED82917EEE600A775F7 /* CryptoKeeperApp.swift */,
			);
			path = App;
			sourceTree = "<group>";
		};
		20ABFEEC2917EFB400A775F7 /* ViewModels */ = {
			isa = PBXGroup;
			children = (
				20ABFEF82918010C00A775F7 /* HomeViewModel.swift */,
			);
			path = ViewModels;
			sourceTree = "<group>";
		};
		20ABFEED2917EFB600A775F7 /* Views */ = {
			isa = PBXGroup;
			children = (
				20ABFEEE2917EFF600A775F7 /* HomeView.swift */,
				20ABFEF02917F14C00A775F7 /* TopMoversView.swift */,
				20ABFEF22917F15E00A775F7 /* TopMoversItemView.swift */,
				20ABFEF42917F7FB00A775F7 /* AllCoinsView.swift */,
				20ABFEF62917F81000A775F7 /* CoinRowView.swift */,
			);
			path = Views;
			sourceTree = "<group>";
		};
		20ABFF012918283800A775F7 /* CoreDetails */ = {
			isa = PBXGroup;
			children = (
				20ABFF032918285D00A775F7 /* Views */,
				20ABFF022918284E00A775F7 /* ViewModels */,
			);
			path = CoreDetails;
			sourceTree = "<group>";
		};
		20ABFF022918284E00A775F7 /* ViewModels */ = {
			isa = PBXGroup;
			children = (
				20ABFF122919161700A775F7 /* CoinDetailsViewModel.swift */,
			);
			path = ViewModels;
			sourceTree = "<group>";
		};
		20ABFF032918285D00A775F7 /* Views */ = {
			isa = PBXGroup;
			children = (
				20ABFF042918287700A775F7 /*  CoinDetailsView.swift */,
				20ABFF082918307F00A775F7 /* CoinDetailsSection.swift */,
				20ABFF0A2918312600A775F7 /* StatisticView.swift */,
				20ABFF182919337500A775F7 /* ChartView.swift */,
			);
			path = Views;
			sourceTree = "<group>";
		};
		20E0F8CE291972D3007A567E /* Frameworks */ = {
			isa = PBXGroup;
			children = (
				20E0F8CF291972D3007A567E /* libswiftWebKit.tbd */,
			);
			name = Frameworks;
			sourceTree = "<group>";
		};
/* End PBXGroup section */

/* Begin PBXNativeTarget section */
		20ABFED42917EEE600A775F7 /* CryptoKeeper */ = {
			isa = PBXNativeTarget;
			buildConfigurationList = 20ABFEE32917EEE700A775F7 /* Build configuration list for PBXNativeTarget "CryptoKeeper" */;
			buildPhases = (
				20ABFED12917EEE600A775F7 /* Sources */,
				20ABFED22917EEE600A775F7 /* Frameworks */,
				20ABFED32917EEE600A775F7 /* Resources */,
			);
			buildRules = (
			);
			dependencies = (
			);
			name = CryptoKeeper;
			packageProductDependencies = (
				20ABFEFD29181F4D00A775F7 /* Kingfisher */,
			);
			productName = CryptoKeeper;
			productReference = 20ABFED52917EEE600A775F7 /* CryptoKeeper.app */;
			productType = "com.apple.product-type.application";
		};
/* End PBXNativeTarget section */

/* Begin PBXProject section */
		20ABFECD2917EEE600A775F7 /* Project object */ = {
			isa = PBXProject;
			attributes = {
				BuildIndependentTargetsInParallel = 1;
				LastSwiftUpdateCheck = 1400;
				LastUpgradeCheck = 1400;
				TargetAttributes = {
					20ABFED42917EEE600A775F7 = {
						CreatedOnToolsVersion = 14.0.1;
					};
				};
			};
			buildConfigurationList = 20ABFED02917EEE600A775F7 /* Build configuration list for PBXProject "CryptoKeeper" */;
			compatibilityVersion = "Xcode 14.0";
			developmentRegion = en;
			hasScannedForEncodings = 0;
			knownRegions = (
				en,
				Base,
			);
			mainGroup = 20ABFECC2917EEE600A775F7;
			packageReferences = (
				20ABFEFC29181F4D00A775F7 /* XCRemoteSwiftPackageReference "Kingfisher" */,
			);
			productRefGroup = 20ABFED62917EEE600A775F7 /* Products */;
			projectDirPath = "";
			projectRoot = "";
			targets = (
				20ABFED42917EEE600A775F7 /* CryptoKeeper */,
			);
		};
/* End PBXProject section */

/* Begin PBXResourcesBuildPhase section */
		20ABFED32917EEE600A775F7 /* Resources */ = {
			isa = PBXResourcesBuildPhase;
			buildActionMask = 2147483647;
			files = (
				20ABFEE02917EEE700A775F7 /* Preview Assets.xcassets in Resources */,
				20ABFEDD2917EEE700A775F7 /* Assets.xcassets in Resources */,
			);
			runOnlyForDeploymentPostprocessing = 0;
		};
/* End PBXResourcesBuildPhase section */

/* Begin PBXSourcesBuildPhase section */
		20ABFED12917EEE600A775F7 /* Sources */ = {
			isa = PBXSourcesBuildPhase;
			buildActionMask = 2147483647;
			files = (
				20ABFEF12917F14C00A775F7 /* TopMoversView.swift in Sources */,
				20ABFEF52917F7FB00A775F7 /* AllCoinsView.swift in Sources */,
				20E0F8D629197A4C007A567E /* LazyNavigationView.swift in Sources */,
				20ABFF112918377000A775F7 /* CoinDetailSectionModel.swift in Sources */,
				20ABFEEF2917EFF600A775F7 /* HomeView.swift in Sources */,
				20ABFEF92918010C00A775F7 /* HomeViewModel.swift in Sources */,
				20ABFEDB2917EEE600A775F7 /* ContentView.swift in Sources */,
				20ABFF0729182A7300A775F7 /* Color.swift in Sources */,
				20ABFEFB291805AD00A775F7 /* Coins.swift in Sources */,
				20ABFF0B2918312600A775F7 /* StatisticView.swift in Sources */,
				20ABFF152919305100A775F7 /* ChartData.swift in Sources */,
				20ABFED92917EEE600A775F7 /* CryptoKeeperApp.swift in Sources */,
				20ABFF172919316000A775F7 /* Date.swift in Sources */,
				20ABFF132919161700A775F7 /* CoinDetailsViewModel.swift in Sources */,
				20ABFF052918287700A775F7 /*  CoinDetailsView.swift in Sources */,
				20ABFF0D2918340100A775F7 /* StatisticModel.swift in Sources */,
				20E0F8D4291978A5007A567E /* CustomLoadingIndicator.swift in Sources */,
				20ABFEF72917F81000A775F7 /* CoinRowView.swift in Sources */,
				20ABFF0F291834EA00A775F7 /* PreviewProvider.swift in Sources */,
				20ABFF192919337500A775F7 /* ChartView.swift in Sources */,
				20ABFF002918209B00A775F7 /* Double.swift in Sources */,
				20ABFEF32917F15E00A775F7 /* TopMoversItemView.swift in Sources */,
				20ABFF092918307F00A775F7 /* CoinDetailsSection.swift in Sources */,
			);
			runOnlyForDeploymentPostprocessing = 0;
		};
/* End PBXSourcesBuildPhase section */

/* Begin XCBuildConfiguration section */
		20ABFEE12917EEE700A775F7 /* Debug */ = {
			isa = XCBuildConfiguration;
			buildSettings = {
				ALWAYS_SEARCH_USER_PATHS = NO;
				CLANG_ANALYZER_NONNULL = YES;
				CLANG_ANALYZER_NUMBER_OBJECT_CONVERSION = YES_AGGRESSIVE;
				CLANG_CXX_LANGUAGE_STANDARD = "gnu++20";
				CLANG_ENABLE_MODULES = YES;
				CLANG_ENABLE_OBJC_ARC = YES;
				CLANG_ENABLE_OBJC_WEAK = YES;
				CLANG_WARN_BLOCK_CAPTURE_AUTORELEASING = YES;
				CLANG_WARN_BOOL_CONVERSION = YES;
				CLANG_WARN_COMMA = YES;
				CLANG_WARN_CONSTANT_CONVERSION = YES;
				CLANG_WARN_DEPRECATED_OBJC_IMPLEMENTATIONS = YES;
				CLANG_WARN_DIRECT_OBJC_ISA_USAGE = YES_ERROR;
				CLANG_WARN_DOCUMENTATION_COMMENTS = YES;
				CLANG_WARN_EMPTY_BODY = YES;
				CLANG_WARN_ENUM_CONVERSION = YES;
				CLANG_WARN_INFINITE_RECURSION = YES;
				CLANG_WARN_INT_CONVERSION = YES;
				CLANG_WARN_NON_LITERAL_NULL_CONVERSION = YES;
				CLANG_WARN_OBJC_IMPLICIT_RETAIN_SELF = YES;
				CLANG_WARN_OBJC_LITERAL_CONVERSION = YES;
				CLANG_WARN_OBJC_ROOT_CLASS = YES_ERROR;
				CLANG_WARN_QUOTED_INCLUDE_IN_FRAMEWORK_HEADER = YES;
				CLANG_WARN_RANGE_LOOP_ANALYSIS = YES;
				CLANG_WARN_STRICT_PROTOTYPES = YES;
				CLANG_WARN_SUSPICIOUS_MOVE = YES;
				CLANG_WARN_UNGUARDED_AVAILABILITY = YES_AGGRESSIVE;
				CLANG_WARN_UNREACHABLE_CODE = YES;
				CLANG_WARN__DUPLICATE_METHOD_MATCH = YES;
				COPY_PHASE_STRIP = NO;
				DEBUG_INFORMATION_FORMAT = dwarf;
				ENABLE_STRICT_OBJC_MSGSEND = YES;
				ENABLE_TESTABILITY = YES;
				GCC_C_LANGUAGE_STANDARD = gnu11;
				GCC_DYNAMIC_NO_PIC = NO;
				GCC_NO_COMMON_BLOCKS = YES;
				GCC_OPTIMIZATION_LEVEL = 0;
				GCC_PREPROCESSOR_DEFINITIONS = (
					"DEBUG=1",
					"$(inherited)",
				);
				GCC_WARN_64_TO_32_BIT_CONVERSION = YES;
				GCC_WARN_ABOUT_RETURN_TYPE = YES_ERROR;
				GCC_WARN_UNDECLARED_SELECTOR = YES;
				GCC_WARN_UNINITIALIZED_AUTOS = YES_AGGRESSIVE;
				GCC_WARN_UNUSED_FUNCTION = YES;
				GCC_WARN_UNUSED_VARIABLE = YES;
				IPHONEOS_DEPLOYMENT_TARGET = 16.0;
				MTL_ENABLE_DEBUG_INFO = INCLUDE_SOURCE;
				MTL_FAST_MATH = YES;
				ONLY_ACTIVE_ARCH = YES;
				SDKROOT = iphoneos;
				SWIFT_ACTIVE_COMPILATION_CONDITIONS = DEBUG;
				SWIFT_OPTIMIZATION_LEVEL = "-Onone";
			};
			name = Debug;
		};
		20ABFEE22917EEE700A775F7 /* Release */ = {
			isa = XCBuildConfiguration;
			buildSettings = {
				ALWAYS_SEARCH_USER_PATHS = NO;
				CLANG_ANALYZER_NONNULL = YES;
				CLANG_ANALYZER_NUMBER_OBJECT_CONVERSION = YES_AGGRESSIVE;
				CLANG_CXX_LANGUAGE_STANDARD = "gnu++20";
				CLANG_ENABLE_MODULES = YES;
				CLANG_ENABLE_OBJC_ARC = YES;
				CLANG_ENABLE_OBJC_WEAK = YES;
				CLANG_WARN_BLOCK_CAPTURE_AUTORELEASING = YES;
				CLANG_WARN_BOOL_CONVERSION = YES;
				CLANG_WARN_COMMA = YES;
				CLANG_WARN_CONSTANT_CONVERSION = YES;
				CLANG_WARN_DEPRECATED_OBJC_IMPLEMENTATIONS = YES;
				CLANG_WARN_DIRECT_OBJC_ISA_USAGE = YES_ERROR;
				CLANG_WARN_DOCUMENTATION_COMMENTS = YES;
				CLANG_WARN_EMPTY_BODY = YES;
				CLANG_WARN_ENUM_CONVERSION = YES;
				CLANG_WARN_INFINITE_RECURSION = YES;
				CLANG_WARN_INT_CONVERSION = YES;
				CLANG_WARN_NON_LITERAL_NULL_CONVERSION = YES;
				CLANG_WARN_OBJC_IMPLICIT_RETAIN_SELF = YES;
				CLANG_WARN_OBJC_LITERAL_CONVERSION = YES;
				CLANG_WARN_OBJC_ROOT_CLASS = YES_ERROR;
				CLANG_WARN_QUOTED_INCLUDE_IN_FRAMEWORK_HEADER = YES;
				CLANG_WARN_RANGE_LOOP_ANALYSIS = YES;
				CLANG_WARN_STRICT_PROTOTYPES = YES;
				CLANG_WARN_SUSPICIOUS_MOVE = YES;
				CLANG_WARN_UNGUARDED_AVAILABILITY = YES_AGGRESSIVE;
				CLANG_WARN_UNREACHABLE_CODE = YES;
				CLANG_WARN__DUPLICATE_METHOD_MATCH = YES;
				COPY_PHASE_STRIP = NO;
				DEBUG_INFORMATION_FORMAT = "dwarf-with-dsym";
				ENABLE_NS_ASSERTIONS = NO;
				ENABLE_STRICT_OBJC_MSGSEND = YES;
				GCC_C_LANGUAGE_STANDARD = gnu11;
				GCC_NO_COMMON_BLOCKS = YES;
				GCC_WARN_64_TO_32_BIT_CONVERSION = YES;
				GCC_WARN_ABOUT_RETURN_TYPE = YES_ERROR;
				GCC_WARN_UNDECLARED_SELECTOR = YES;
				GCC_WARN_UNINITIALIZED_AUTOS = YES_AGGRESSIVE;
				GCC_WARN_UNUSED_FUNCTION = YES;
				GCC_WARN_UNUSED_VARIABLE = YES;
				IPHONEOS_DEPLOYMENT_TARGET = 16.0;
				MTL_ENABLE_DEBUG_INFO = NO;
				MTL_FAST_MATH = YES;
				SDKROOT = iphoneos;
				SWIFT_COMPILATION_MODE = wholemodule;
				SWIFT_OPTIMIZATION_LEVEL = "-O";
				VALIDATE_PRODUCT = YES;
			};
			name = Release;
		};
		20ABFEE42917EEE700A775F7 /* Debug */ = {
			isa = XCBuildConfiguration;
			buildSettings = {
				ASSETCATALOG_COMPILER_APPICON_NAME = AppIcon;
				ASSETCATALOG_COMPILER_GLOBAL_ACCENT_COLOR_NAME = AccentColor;
				CODE_SIGN_STYLE = Automatic;
				CURRENT_PROJECT_VERSION = 1;
				DEVELOPMENT_ASSET_PATHS = "\"CryptoKeeper/Preview Content\"";
				DEVELOPMENT_TEAM = ZC2RZX2F24;
				ENABLE_PREVIEWS = YES;
				GENERATE_INFOPLIST_FILE = YES;
				INFOPLIST_KEY_UIApplicationSceneManifest_Generation = YES;
				INFOPLIST_KEY_UIApplicationSupportsIndirectInputEvents = YES;
				INFOPLIST_KEY_UILaunchScreen_Generation = YES;
				INFOPLIST_KEY_UISupportedInterfaceOrientations_iPad = "UIInterfaceOrientationPortrait UIInterfaceOrientationPortraitUpsideDown UIInterfaceOrientationLandscapeLeft UIInterfaceOrientationLandscapeRight";
				INFOPLIST_KEY_UISupportedInterfaceOrientations_iPhone = "UIInterfaceOrientationPortrait UIInterfaceOrientationLandscapeLeft UIInterfaceOrientationLandscapeRight";
				LD_RUNPATH_SEARCH_PATHS = (
					"$(inherited)",
					"@executable_path/Frameworks",
				);
				LIBRARY_SEARCH_PATHS = (
					"$(inherited)",
					"$(SDKROOT)/usr/lib/swift",
				);
				MARKETING_VERSION = 1.0;
				PRODUCT_BUNDLE_IDENTIFIER = dauka.CryptoKeeper;
				PRODUCT_NAME = "$(TARGET_NAME)";
				SWIFT_EMIT_LOC_STRINGS = YES;
				SWIFT_VERSION = 5.0;
				TARGETED_DEVICE_FAMILY = "1,2";
			};
			name = Debug;
		};
		20ABFEE52917EEE700A775F7 /* Release */ = {
			isa = XCBuildConfiguration;
			buildSettings = {
				ASSETCATALOG_COMPILER_APPICON_NAME = AppIcon;
				ASSETCATALOG_COMPILER_GLOBAL_ACCENT_COLOR_NAME = AccentColor;
				CODE_SIGN_STYLE = Automatic;
				CURRENT_PROJECT_VERSION = 1;
				DEVELOPMENT_ASSET_PATHS = "\"CryptoKeeper/Preview Content\"";
				DEVELOPMENT_TEAM = ZC2RZX2F24;
				ENABLE_PREVIEWS = YES;
				GENERATE_INFOPLIST_FILE = YES;
				INFOPLIST_KEY_UIApplicationSceneManifest_Generation = YES;
				INFOPLIST_KEY_UIApplicationSupportsIndirectInputEvents = YES;
				INFOPLIST_KEY_UILaunchScreen_Generation = YES;
				INFOPLIST_KEY_UISupportedInterfaceOrientations_iPad = "UIInterfaceOrientationPortrait UIInterfaceOrientationPortraitUpsideDown UIInterfaceOrientationLandscapeLeft UIInterfaceOrientationLandscapeRight";
				INFOPLIST_KEY_UISupportedInterfaceOrientations_iPhone = "UIInterfaceOrientationPortrait UIInterfaceOrientationLandscapeLeft UIInterfaceOrientationLandscapeRight";
				LD_RUNPATH_SEARCH_PATHS = (
					"$(inherited)",
					"@executable_path/Frameworks",
				);
				LIBRARY_SEARCH_PATHS = (
					"$(inherited)",
					"$(SDKROOT)/usr/lib/swift",
				);
				MARKETING_VERSION = 1.0;
				PRODUCT_BUNDLE_IDENTIFIER = dauka.CryptoKeeper;
				PRODUCT_NAME = "$(TARGET_NAME)";
				SWIFT_EMIT_LOC_STRINGS = YES;
				SWIFT_VERSION = 5.0;
				TARGETED_DEVICE_FAMILY = "1,2";
			};
			name = Release;
		};
/* End XCBuildConfiguration section */

/* Begin XCConfigurationList section */
		20ABFED02917EEE600A775F7 /* Build configuration list for PBXProject "CryptoKeeper" */ = {
			isa = XCConfigurationList;
			buildConfigurations = (
				20ABFEE12917EEE700A775F7 /* Debug */,
				20ABFEE22917EEE700A775F7 /* Release */,
			);
			defaultConfigurationIsVisible = 0;
			defaultConfigurationName = Release;
		};
		20ABFEE32917EEE700A775F7 /* Build configuration list for PBXNativeTarget "CryptoKeeper" */ = {
			isa = XCConfigurationList;
			buildConfigurations = (
				20ABFEE42917EEE700A775F7 /* Debug */,
				20ABFEE52917EEE700A775F7 /* Release */,
			);
			defaultConfigurationIsVisible = 0;
			defaultConfigurationName = Release;
		};
/* End XCConfigurationList section */

/* Begin XCRemoteSwiftPackageReference section */
		20ABFEFC29181F4D00A775F7 /* XCRemoteSwiftPackageReference "Kingfisher" */ = {
			isa = XCRemoteSwiftPackageReference;
			repositoryURL = "https://github.com/onevcat/Kingfisher.git";
			requirement = {
				kind = upToNextMajorVersion;
				minimumVersion = 7.0.0;
			};
		};
/* End XCRemoteSwiftPackageReference section */

/* Begin XCSwiftPackageProductDependency section */
		20ABFEFD29181F4D00A775F7 /* Kingfisher */ = {
			isa = XCSwiftPackageProductDependency;
			package = 20ABFEFC29181F4D00A775F7 /* XCRemoteSwiftPackageReference "Kingfisher" */;
			productName = Kingfisher;
		};
/* End XCSwiftPackageProductDependency section */
	};
	rootObject = 20ABFECD2917EEE600A775F7 /* Project object */;
}
